
Microsoft Visual Studio Solution File, Format Version 12.00
# Visual Studio Version 16
VisualStudioVersion = 16.0.31702.278
MinimumVisualStudioVersion = 10.0.40219.1
Project("{9A19103F-16F7-4668-BE54-9A1E7A4F7556}") = "EmployeePayroll", "EmployeePayroll\EmployeePayroll.csproj", "{BE0A8C0A-1B1E-4C41-8D80-379A410B929F}"
EndProject
Global
	GlobalSection(SolutionConfigurationPlatforms) = preSolution
		Debug|Any CPU = Debug|Any CPU
		Release|Any CPU = Release|Any CPU
	EndGlobalSection
	GlobalSection(ProjectConfigurationPlatforms) = postSolution
		{BE0A8C0A-1B1E-4C41-8D80-379A410B929F}.Debug|Any CPU.ActiveCfg = Debug|Any CPU
		{BE0A8C0A-1B1E-4C41-8D80-379A410B929F}.Debug|Any CPU.Build.0 = Debug|Any CPU
		{BE0A8C0A-1B1E-4C41-8D80-379A410B929F}.Release|Any CPU.ActiveCfg = Release|Any CPU
		{BE0A8C0A-1B1E-4C41-8D80-379A410B929F}.Release|Any CPU.Build.0 = Release|Any CPU
	EndGlobalSection
	GlobalSection(SolutionProperties) = preSolution
		HideSolutionNode = FALSE
	EndGlobalSection
	GlobalSection(ExtensibilityGlobals) = postSolution
		SolutionGuid = {FD2D6225-0AA9-44B2-BDE8-B33F1722097D}
	EndGlobalSection
EndGlobal
